install_repository_dependencies: true
install_resolver_dependencies: true
install_tool_dependencies: false
tools:
- name: sra_tools
  owner: iuc
  revisions:
  - 653e89d73fc4
  - 69ebb7f46e45
  - e08a7ad4378b
  tool_panel_section_label: Get Data
- name: ega_download_client
  owner: iuc
  revisions:
  - caf213d51d6c
  tool_panel_section_label: Get Data
- name: fastqc
  owner: devteam
  revisions:
  - e7b2202befea
  tool_panel_section_label: FASTQ Quality Control
- name: qualimap_bamqc
  owner: iuc
  revisions:
  - 19ece8afbaab
  tool_panel_section_label: FASTQ Quality Control
- name: qualimap_counts
  owner: iuc
  revisions:
  - d696cf0a9622
  tool_panel_section_label: FASTQ Quality Control
- name: qualimap_multi_bamqc
  owner: iuc
  revisions:
  - e38af83df163
  tool_panel_section_label: FASTQ Quality Control
- name: prinseq
  owner: iuc
  revisions:
  - 02befcb391f5
  - 654b3a274ed5
  tool_panel_section_label: FASTQ Quality Control
- name: trim_galore
  owner: bgruening
  revisions:
  - 084bbd8ba7b8
  tool_panel_section_label: FASTA/FASTQ
- name: trimmomatic
  owner: pjbriggs
  revisions:
  - d94aff5ee623
  tool_panel_section_label: FASTA/FASTQ
- name: multiqc
  owner: iuc
  revisions:
  - 75c93c70d094
  - f7985e0479b9
  tool_panel_section_label: FASTQ Quality Control
- name: megahit
  owner: iuc
  revisions:
  - 7518ee87b53d
  tool_panel_section_label: Assembly
- name: metaspades
  owner: nml
  revisions:
  - 05c394313b1c
  tool_panel_section_label: Assembly
- name: quast
  owner: iuc
  revisions:
  - ebb0dcdb621a
  tool_panel_section_label: Assembly
- name: taxonomy_krona_chart
  owner: crs4
  revisions:
  - e9005d1f3cfd
  tool_panel_section_label: Graph/Display Data
- name: flye
  owner: bgruening
  revisions:
  - de24438c9988
  tool_panel_section_label: Assembly
- name: staramr
  owner: nml
  revisions:
  - 2fd4d4c9c5c2
  tool_panel_section_label: Metagenomic Analysis
- name: tbl2gff3
  owner: iuc
  revisions:
  - 4a7f4b0cc0a3
  tool_panel_section_label: Annotation
- name: bedtools
  owner: iuc
  revisions:
  - 0a5c785ac6db
  - 3e38c9b3214f
  - ce3c7f062223
  - fe5b4cb8356c
  tool_panel_section_label: BED
- name: text_processing
  owner: bgruening
  revisions:
  - ddf54b12c295
  tool_panel_section_label: Text Manipulation
- name: column_maker
  owner: devteam
  revisions:
  - 9cd341095afd
  tool_panel_section_label: Text Manipulation
- name: split_file_on_column
  owner: bgruening
  revisions:
  - b60f2452580e
  tool_panel_section_label: Text Manipulation
- name: circos
  owner: iuc
  revisions:
  - df7356989ac1
  tool_panel_section_label: Graph/Display Data
- name: jbrowse
  owner: iuc
  revisions:
  - 4542035c1075
  - 6cd09d7b5f37
  - 87dc4ce42281
  - a6e57ff585c0
  tool_panel_section_label: Graph/Display Data
- name: fasta_compute_length
  owner: devteam
  revisions:
  - 7d37cfda8e00
  tool_panel_section_label: FASTA/FASTQ
- name: sam_to_bam
  owner: devteam
  revisions:
  - cf1ffd88f895
  tool_panel_section_label: SAM/BAM
- name: bam_to_sam
  owner: devteam
  revisions:
  - 88eedb4abea0
  tool_panel_section_label: SAM/BAM
- name: bamtools
  owner: devteam
  revisions:
  - 4d343c1f606b
  tool_panel_section_label: SAM/BAM
- name: vcfanno
  owner: iuc
  revisions:
  - fb20fa735dfe
  tool_panel_section_label: Annotation
